
Microsoft Visual Studio Solution File, Format Version 12.00
# Visual Studio Version 17
VisualStudioVersion = 17.7.34009.444
MinimumVisualStudioVersion = 10.0.40219.1
Project("{9A19103F-16F7-4668-BE54-9A1E7A4F7556}") = "HeroBattle", "HeroBattle.csproj", "{9A05B059-38F1-4972-9404-69EC010326C1}"
EndProject
Project("{FAE04EC0-301F-11D3-BF4B-00C04F79EFBC}") = "HeroBattle.Tests", "..\HeroBattle.Tests\HeroBattle.Tests.csproj", "{C60FDF79-EAD9-4A22-9E90-F70AC30688C3}"
EndProject
Global
	GlobalSection(SolutionConfigurationPlatforms) = preSolution
		Debug|Any CPU = Debug|Any CPU
		Release|Any CPU = Release|Any CPU
	EndGlobalSection
	GlobalSection(ProjectConfigurationPlatforms) = postSolution
		{9A05B059-38F1-4972-9404-69EC010326C1}.Debug|Any CPU.ActiveCfg = Debug|Any CPU
		{9A05B059-38F1-4972-9404-69EC010326C1}.Debug|Any CPU.Build.0 = Debug|Any CPU
		{9A05B059-38F1-4972-9404-69EC010326C1}.Release|Any CPU.ActiveCfg = Release|Any CPU
		{9A05B059-38F1-4972-9404-69EC010326C1}.Release|Any CPU.Build.0 = Release|Any CPU
		{C60FDF79-EAD9-4A22-9E90-F70AC30688C3}.Debug|Any CPU.ActiveCfg = Debug|Any CPU
		{C60FDF79-EAD9-4A22-9E90-F70AC30688C3}.Debug|Any CPU.Build.0 = Debug|Any CPU
		{C60FDF79-EAD9-4A22-9E90-F70AC30688C3}.Release|Any CPU.ActiveCfg = Release|Any CPU
		{C60FDF79-EAD9-4A22-9E90-F70AC30688C3}.Release|Any CPU.Build.0 = Release|Any CPU
	EndGlobalSection
	GlobalSection(SolutionProperties) = preSolution
		HideSolutionNode = FALSE
	EndGlobalSection
	GlobalSection(ExtensibilityGlobals) = postSolution
		SolutionGuid = {3AC4E924-49D4-48BA-8914-9E45B1E70674}
	EndGlobalSection
EndGlobal
